dependencies:
- name: platform-namespaces
  repository: ""
  version: 0.1.0
- name: cluster-rbac
  repository: ""
  version: 0.1.0
- name: cluster-policies
  repository: ""
  version: 0.1.0
- name: shared-operators
  repository: ""
  version: 0.1.0
- name: redis-enterprise
  repository: ""
  version: 0.1.0
- name: platform-routing
  repository: ""
  version: 0.1.0
- name: tenant-onboarding
  repository: ""
  version: 0.1.0
digest: sha256:5ce9002422a9eaa7e4c576fee71412ff9197f7ff86c349c33b1542f4f2d4b61a
generated: "2026-07-14T17:41:23.329222+10:00"
